{
  "name": "chwatch",
  "version": "0.0.0",
  "lockfileVersion": 3,
  "requires": true,
  "packages": {
    "": {
      "name": "chwatch",
      "version": "0.0.0",
      "license": "SEE LICENSE IN LICENSE.md",
      "dependencies": {
        "cheap-watch": "^1.0.4"
      }
    },
    "node_modules/cheap-watch": {
      "version": "1.0.4",
      "resolved": "https://registry.npmjs.org/cheap-watch/-/cheap-watch-1.0.4.tgz",
      "integrity": "sha512-QR/9FrtRL5fjfUJBhAKCdi0lSRQ3rVRRum3GF9wDKp2TJbEIMGhUEr2yU8lORzm9Isdjx7/k9S0DFDx+z5VGtw==",
      "engines": {
        "node": ">=8"
      }
    }
  }
}
